// !$*UTF8*$!
{
	archiveVersion = 1;
	classes = {
	};
	objectVersion = 54;
	objects = {

/* Begin PBXBuildFile section */
		19403FB18BB3324DCCADA24D /* Pods_Notification_Content_App_Extension.framework in Frameworks */ = {isa = PBXBuildFile; fileRef = 08942A0FFF74E14A571F429C /* Pods_Notification_Content_App_Extension.framework */; };
		7103C50D20CE938F000B8C23 /* Map_ViewController.swift in Sources */ = {isa = PBXBuildFile; fileRef = 7103C50C20CE938F000B8C23 /* Map_ViewController.swift */; };
		7106FA7B20A9C5CC0032C454 /* CampaignDetailViewController.swift in Sources */ = {isa = PBXBuildFile; fileRef = 7106FA7A20A9C5CC0032C454 /* CampaignDetailViewController.swift */; };
		710951D820C6CFE500BA7655 /* Accounts.framework in Frameworks */ = {isa = PBXBuildFile; fileRef = 710951D720C6CFE500BA7655 /* Accounts.framework */; };
		710951DA20C6CFEA00BA7655 /* Social.framework in Frameworks */ = {isa = PBXBuildFile; fileRef = 710951D920C6CFEA00BA7655 /* Social.framework */; };
		71100ABE297843120082E184 /* Structures.swift in Sources */ = {isa = PBXBuildFile; fileRef = 71100ABD297843120082E184 /* Structures.swift */; };
		712CB5E4295C921700ECEA89 /* Perks_ViewController.swift in Sources */ = {isa = PBXBuildFile; fileRef = 712CB5E3295C921700ECEA89 /* Perks_ViewController.swift */; };
		712F805122E0C12E00AA3117 /* CustomInfoWindow.xib in Resources */ = {isa = PBXBuildFile; fileRef = 712F805022E0C12E00AA3117 /* CustomInfoWindow.xib */; };
		714DC9CF21A56FF300435FBA /* Checkid_ViewController.swift in Sources */ = {isa = PBXBuildFile; fileRef = 714DC9CE21A56FF300435FBA /* Checkid_ViewController.swift */; };
		714E79EE295D7E820058F447 /* PerkTableViewCell.swift in Sources */ = {isa = PBXBuildFile; fileRef = 714E79ED295D7E820058F447 /* PerkTableViewCell.swift */; };
		714E79F2295EAEF60058F447 /* PerksSingle_ViewController.swift in Sources */ = {isa = PBXBuildFile; fileRef = 714E79F1295EAEF60058F447 /* PerksSingle_ViewController.swift */; };
		7150563522CF442C006416A6 /* sound_off.png in Resources */ = {isa = PBXBuildFile; fileRef = 7150563422CF442C006416A6 /* sound_off.png */; };
		7150563722CF4436006416A6 /* sound_on.png in Resources */ = {isa = PBXBuildFile; fileRef = 7150563622CF4436006416A6 /* sound_on.png */; };
		71555A6D222109810095F7A4 /* addCollectionViewCell.swift in Sources */ = {isa = PBXBuildFile; fileRef = 71555A6C222109810095F7A4 /* addCollectionViewCell.swift */; };
		715644542B0250E8008E52E4 /* c_api.swift in Sources */ = {isa = PBXBuildFile; fileRef = 715644532B0250E8008E52E4 /* c_api.swift */; };
		7159706B21CBA95600F33111 /* Splashscreen.storyboard in Resources */ = {isa = PBXBuildFile; fileRef = 7159706A21CBA95600F33111 /* Splashscreen.storyboard */; };
		7159706D21CBBBF100F33111 /* Start1_VIewController.swift in Sources */ = {isa = PBXBuildFile; fileRef = 7159706C21CBBBF100F33111 /* Start1_VIewController.swift */; };
		7174113620B3EB4300A34123 /* Podfile in Resources */ = {isa = PBXBuildFile; fileRef = 7174113520B3EB4300A34123 /* Podfile */; };
		7175F39A20BECE5000322EC3 /* PusherNotifications.appex in Embed Foundation Extensions */ = {isa = PBXBuildFile; fileRef = 7175F39320BECE5000322EC3 /* PusherNotifications.appex */; settings = {ATTRIBUTES = (RemoveHeadersOnCopy, ); }; };
		717AE84222CB8D3F00D4B43F /* NotificationService.swift in Sources */ = {isa = PBXBuildFile; fileRef = 717AE84122CB8D3F00D4B43F /* NotificationService.swift */; };
		717AE84822CB9F9800D4B43F /* UserNotifications.framework in Frameworks */ = {isa = PBXBuildFile; fileRef = 7193C4A620A1C8BE00AC8411 /* UserNotifications.framework */; };
		717AE84922CB9F9800D4B43F /* UserNotificationsUI.framework in Frameworks */ = {isa = PBXBuildFile; fileRef = 7193C4A820A1C8BE00AC8411 /* UserNotificationsUI.framework */; };
		717AE84C22CB9F9800D4B43F /* NotificationViewController.swift in Sources */ = {isa = PBXBuildFile; fileRef = 717AE84B22CB9F9800D4B43F /* NotificationViewController.swift */; };
		717AE84F22CB9F9800D4B43F /* MainInterface.storyboard in Resources */ = {isa = PBXBuildFile; fileRef = 717AE84D22CB9F9800D4B43F /* MainInterface.storyboard */; };
		717AE85322CB9F9800D4B43F /* Notification Content App Extension.appex in Embed Foundation Extensions */ = {isa = PBXBuildFile; fileRef = 717AE84722CB9F9800D4B43F /* Notification Content App Extension.appex */; settings = {ATTRIBUTES = (RemoveHeadersOnCopy, ); }; };
		7185E640213537820095467D /* Category_cell.swift in Sources */ = {isa = PBXBuildFile; fileRef = 7185E63F213537820095467D /* Category_cell.swift */; };
		718759C620A57567007583EC /* Campaign_ViewController.swift in Sources */ = {isa = PBXBuildFile; fileRef = 718759C520A57567007583EC /* Campaign_ViewController.swift */; };
		71919FEC20A02729004AC2AB /* Splash_ViewController.swift in Sources */ = {isa = PBXBuildFile; fileRef = 71919FEB20A02729004AC2AB /* Splash_ViewController.swift */; };
		71919FF420A0272A004AC2AB /* Assets.xcassets in Resources */ = {isa = PBXBuildFile; fileRef = 71919FF320A0272A004AC2AB /* Assets.xcassets */; };
		7191A00220A0272A004AC2AB /* SoundropsTests.swift in Sources */ = {isa = PBXBuildFile; fileRef = 7191A00120A0272A004AC2AB /* SoundropsTests.swift */; };
		719386E520B5BB8F00D81E83 /* Community_ViewController.swift in Sources */ = {isa = PBXBuildFile; fileRef = 719386E420B5BB8F00D81E83 /* Community_ViewController.swift */; };
		719524CE21F7897F00DF3AFA /* Register2_ViewController.swift in Sources */ = {isa = PBXBuildFile; fileRef = 719524CD21F7897F00DF3AFA /* Register2_ViewController.swift */; };
		71988D9C22E1F16D0081E66E /* Main.storyboard in Resources */ = {isa = PBXBuildFile; fileRef = 71988D9B22E1F16D0081E66E /* Main.storyboard */; };
		719DBD5E20A49D7F00DEC21D /* Dashboard_ViewController.swift in Sources */ = {isa = PBXBuildFile; fileRef = 719DBD5D20A49D7F00DEC21D /* Dashboard_ViewController.swift */; };
		71AB1FEF221161F200216233 /* AppDelegate.swift in Sources */ = {isa = PBXBuildFile; fileRef = 71AB1FEE221161F200216233 /* AppDelegate.swift */; };
		71AD276C21416EA1004750FE /* Profile1_ViewController.swift in Sources */ = {isa = PBXBuildFile; fileRef = 71AD276B21416EA1004750FE /* Profile1_ViewController.swift */; };
		71AD276E21417409004750FE /* Profile2_ViewController.swift in Sources */ = {isa = PBXBuildFile; fileRef = 71AD276D21417409004750FE /* Profile2_ViewController.swift */; };
		71AD27702141757B004750FE /* Profile3_ViewController.swift in Sources */ = {isa = PBXBuildFile; fileRef = 71AD276F2141757B004750FE /* Profile3_ViewController.swift */; };
		71B1541C29642DCE00816088 /* AdvertisorList_ViewController.swift in Sources */ = {isa = PBXBuildFile; fileRef = 71B1541B29642DCE00816088 /* AdvertisorList_ViewController.swift */; };
		71B1541E2964367700816088 /* AdvertisorList_TableViewCell.swift in Sources */ = {isa = PBXBuildFile; fileRef = 71B1541D2964367700816088 /* AdvertisorList_TableViewCell.swift */; };
		71B8C04521FA1DBA00B2791B /* Register3_ViewController.swift in Sources */ = {isa = PBXBuildFile; fileRef = 71B8C04421FA1DBA00B2791B /* Register3_ViewController.swift */; };
		71C2DF0B234FC0D5000D6672 /* Campaign_Detail_Cell.swift in Sources */ = {isa = PBXBuildFile; fileRef = 71C2DF0A234FC0D5000D6672 /* Campaign_Detail_Cell.swift */; };
		71D74F70238BFEE400F2B406 /* Learning_1_ViewController.swift in Sources */ = {isa = PBXBuildFile; fileRef = 71D74F6F238BFEE400F2B406 /* Learning_1_ViewController.swift */; };
		71D74F72238BFF8100F2B406 /* Learning_2_ViewController.swift in Sources */ = {isa = PBXBuildFile; fileRef = 71D74F71238BFF8100F2B406 /* Learning_2_ViewController.swift */; };
		71D9773621F7191600F72879 /* Register1_ViewController.swift in Sources */ = {isa = PBXBuildFile; fileRef = 71D9773521F7191600F72879 /* Register1_ViewController.swift */; };
		71DC256D21F77875006853F7 /* Register1_TableViewCell.swift in Sources */ = {isa = PBXBuildFile; fileRef = 71DC256C21F77875006853F7 /* Register1_TableViewCell.swift */; };
		71E5C82B221EAABB004ABD12 /* dunk.aiff in Resources */ = {isa = PBXBuildFile; fileRef = 71E5C82A221EAABB004ABD12 /* dunk.aiff */; };
		71E9DC8422DCC13A005E213A /* Campaign_Detail_Cell.swift in Sources */ = {isa = PBXBuildFile; fileRef = 7140C4C420A594560054EF06 /* Campaign_Detail_Cell.swift */; };
		71EDD82C2B0CB3E600AA8AD1 /* c_wifi.swift in Sources */ = {isa = PBXBuildFile; fileRef = 71EDD82B2B0CB3E600AA8AD1 /* c_wifi.swift */; };
		71F10675262E1C5B00524D92 /* Soundrops.xcdatamodeld in Sources */ = {isa = PBXBuildFile; fileRef = 71F10673262E1C5B00524D92 /* Soundrops.xcdatamodeld */; };
		71F16BA520D7AC26000C38EE /* Category_ViewController.swift in Sources */ = {isa = PBXBuildFile; fileRef = 71F16BA420D7AC26000C38EE /* Category_ViewController.swift */; };
		71F738402259EF460049EC16 /* InfoWindow.xib in Resources */ = {isa = PBXBuildFile; fileRef = 71F7383F2259EF460049EC16 /* InfoWindow.xib */; };
		A3EC525883A9A1D5E37A1344 /* Pods_PusherNotifications.framework in Frameworks */ = {isa = PBXBuildFile; fileRef = 24925D2D85BA6139376168C9 /* Pods_PusherNotifications.framework */; };
		CD60C9A50043553E8F1DFB27 /* Pods_Soundrops.framework in Frameworks */ = {isa = PBXBuildFile; fileRef = 1A825CD361102E83BD0CBE8A /* Pods_Soundrops.framework */; };
/* End PBXBuildFile section */

/* Begin PBXContainerItemProxy section */
		7175F39820BECE5000322EC3 /* PBXContainerItemProxy */ = {
			isa = PBXContainerItemProxy;
			containerPortal = 71919FDE20A02729004AC2AB /* Project object */;
			proxyType = 1;
			remoteGlobalIDString = 7175F39220BECE5000322EC3;
			remoteInfo = PusherNotifications;
		};
		717AE85122CB9F9800D4B43F /* PBXContainerItemProxy */ = {
			isa = PBXContainerItemProxy;
			containerPortal = 71919FDE20A02729004AC2AB /* Project object */;
			proxyType = 1;
			remoteGlobalIDString = 717AE84622CB9F9800D4B43F;
			remoteInfo = "Notification Content App Extension";
		};
		71919FFE20A0272A004AC2AB /* PBXContainerItemProxy */ = {
			isa = PBXContainerItemProxy;
			containerPortal = 71919FDE20A02729004AC2AB /* Project object */;
			proxyType = 1;
			remoteGlobalIDString = 71919FE520A02729004AC2AB;
			remoteInfo = Soundrops;
		};
/* End PBXContainerItemProxy section */

/* Begin PBXCopyFilesBuildPhase section */
		7193C4B720A1C8BE00AC8411 /* Embed Foundation Extensions */ = {
			isa = PBXCopyFilesBuildPhase;
			buildActionMask = 12;
			dstPath = "";
			dstSubfolderSpec = 13;
			files = (
				717AE85322CB9F9800D4B43F /* Notification Content App Extension.appex in Embed Foundation Extensions */,
				7175F39A20BECE5000322EC3 /* PusherNotifications.appex in Embed Foundation Extensions */,
			);
			name = "Embed Foundation Extensions";
			runOnlyForDeploymentPostprocessing = 0;
		};
/* End PBXCopyFilesBuildPhase section */

/* Begin PBXFileReference section */
		08942A0FFF74E14A571F429C /* Pods_Notification_Content_App_Extension.framework */ = {isa = PBXFileReference; explicitFileType = wrapper.framework; includeInIndex = 0; path = Pods_Notification_Content_App_Extension.framework; sourceTree = BUILT_PRODUCTS_DIR; };
		1A825CD361102E83BD0CBE8A /* Pods_Soundrops.framework */ = {isa = PBXFileReference; explicitFileType = wrapper.framework; includeInIndex = 0; path = Pods_Soundrops.framework; sourceTree = BUILT_PRODUCTS_DIR; };
		24925D2D85BA6139376168C9 /* Pods_PusherNotifications.framework */ = {isa = PBXFileReference; explicitFileType = wrapper.framework; includeInIndex = 0; path = Pods_PusherNotifications.framework; sourceTree = BUILT_PRODUCTS_DIR; };
		7103C50C20CE938F000B8C23 /* Map_ViewController.swift */ = {isa = PBXFileReference; lastKnownFileType = sourcecode.swift; path = Map_ViewController.swift; sourceTree = "<group>"; };
		7106FA7A20A9C5CC0032C454 /* CampaignDetailViewController.swift */ = {isa = PBXFileReference; lastKnownFileType = sourcecode.swift; path = CampaignDetailViewController.swift; sourceTree = "<group>"; };
		710951D720C6CFE500BA7655 /* Accounts.framework */ = {isa = PBXFileReference; lastKnownFileType = wrapper.framework; name = Accounts.framework; path = System/Library/Frameworks/Accounts.framework; sourceTree = SDKROOT; };
		710951D920C6CFEA00BA7655 /* Social.framework */ = {isa = PBXFileReference; lastKnownFileType = wrapper.framework; name = Social.framework; path = System/Library/Frameworks/Social.framework; sourceTree = SDKROOT; };
		71100ABD297843120082E184 /* Structures.swift */ = {isa = PBXFileReference; lastKnownFileType = sourcecode.swift; path = Structures.swift; sourceTree = "<group>"; };
		712CB5E3295C921700ECEA89 /* Perks_ViewController.swift */ = {isa = PBXFileReference; lastKnownFileType = sourcecode.swift; path = Perks_ViewController.swift; sourceTree = "<group>"; };
		712F805022E0C12E00AA3117 /* CustomInfoWindow.xib */ = {isa = PBXFileReference; lastKnownFileType = file.xib; name = CustomInfoWindow.xib; path = ../CustomInfoWindow.xib; sourceTree = "<group>"; };
		7133FE2F20CA9E6E00A8E44B /* NotificationCenter.framework */ = {isa = PBXFileReference; lastKnownFileType = wrapper.framework; name = NotificationCenter.framework; path = System/Library/Frameworks/NotificationCenter.framework; sourceTree = SDKROOT; };
		7140C4C420A594560054EF06 /* Campaign_Detail_Cell.swift */ = {isa = PBXFileReference; lastKnownFileType = sourcecode.swift; path = Campaign_Detail_Cell.swift; sourceTree = "<group>"; };
		714DC9CE21A56FF300435FBA /* Checkid_ViewController.swift */ = {isa = PBXFileReference; fileEncoding = 4; lastKnownFileType = sourcecode.swift; path = Checkid_ViewController.swift; sourceTree = SOURCE_ROOT; };
		714E79ED295D7E820058F447 /* PerkTableViewCell.swift */ = {isa = PBXFileReference; lastKnownFileType = sourcecode.swift; path = PerkTableViewCell.swift; sourceTree = SOURCE_ROOT; };
		714E79F1295EAEF60058F447 /* PerksSingle_ViewController.swift */ = {isa = PBXFileReference; lastKnownFileType = sourcecode.swift; path = PerksSingle_ViewController.swift; sourceTree = "<group>"; };
		7150563422CF442C006416A6 /* sound_off.png */ = {isa = PBXFileReference; lastKnownFileType = image.png; path = sound_off.png; sourceTree = "<group>"; };
		7150563622CF4436006416A6 /* sound_on.png */ = {isa = PBXFileReference; lastKnownFileType = image.png; path = sound_on.png; sourceTree = "<group>"; };
		71555A6C222109810095F7A4 /* addCollectionViewCell.swift */ = {isa = PBXFileReference; lastKnownFileType = sourcecode.swift; path = addCollectionViewCell.swift; sourceTree = "<group>"; };
		715644532B0250E8008E52E4 /* c_api.swift */ = {isa = PBXFileReference; lastKnownFileType = sourcecode.swift; path = c_api.swift; sourceTree = "<group>"; };
		7159706A21CBA95600F33111 /* Splashscreen.storyboard */ = {isa = PBXFileReference; lastKnownFileType = file.storyboard; path = Splashscreen.storyboard; sourceTree = "<group>"; };
		7159706C21CBBBF100F33111 /* Start1_VIewController.swift */ = {isa = PBXFileReference; lastKnownFileType = sourcecode.swift; path = Start1_VIewController.swift; sourceTree = "<group>"; };
		7174113520B3EB4300A34123 /* Podfile */ = {isa = PBXFileReference; lastKnownFileType = text; path = Podfile; sourceTree = "<group>"; xcLanguageSpecificationIdentifier = xcode.lang.ruby; };
		7175F39320BECE5000322EC3 /* PusherNotifications.appex */ = {isa = PBXFileReference; explicitFileType = "wrapper.app-extension"; includeInIndex = 0; path = PusherNotifications.appex; sourceTree = BUILT_PRODUCTS_DIR; };
		7175F39720BECE5000322EC3 /* Info.plist */ = {isa = PBXFileReference; lastKnownFileType = text.plist.xml; path = Info.plist; sourceTree = "<group>"; };
		7175F39E20BEDAB500322EC3 /* PusherNotifications.entitlements */ = {isa = PBXFileReference; lastKnownFileType = text.plist.entitlements; path = PusherNotifications.entitlements; sourceTree = "<group>"; };
		717AE84122CB8D3F00D4B43F /* NotificationService.swift */ = {isa = PBXFileReference; fileEncoding = 4; lastKnownFileType = sourcecode.swift; path = NotificationService.swift; sourceTree = "<group>"; };
		717AE84722CB9F9800D4B43F /* Notification Content App Extension.appex */ = {isa = PBXFileReference; explicitFileType = "wrapper.app-extension"; includeInIndex = 0; path = "Notification Content App Extension.appex"; sourceTree = BUILT_PRODUCTS_DIR; };
		717AE84B22CB9F9800D4B43F /* NotificationViewController.swift */ = {isa = PBXFileReference; lastKnownFileType = sourcecode.swift; path = NotificationViewController.swift; sourceTree = "<group>"; };
		717AE84E22CB9F9800D4B43F /* Base */ = {isa = PBXFileReference; lastKnownFileType = file.storyboard; name = Base; path = Base.lproj/MainInterface.storyboard; sourceTree = "<group>"; };
		717AE85022CB9F9800D4B43F /* Info.plist */ = {isa = PBXFileReference; lastKnownFileType = text.plist.xml; path = Info.plist; sourceTree = "<group>"; };
		7185E63F213537820095467D /* Category_cell.swift */ = {isa = PBXFileReference; lastKnownFileType = sourcecode.swift; path = Category_cell.swift; sourceTree = "<group>"; };
		718759C520A57567007583EC /* Campaign_ViewController.swift */ = {isa = PBXFileReference; lastKnownFileType = sourcecode.swift; path = Campaign_ViewController.swift; sourceTree = "<group>"; };
		71919FE620A02729004AC2AB /* Soundrops.app */ = {isa = PBXFileReference; explicitFileType = wrapper.application; includeInIndex = 0; path = Soundrops.app; sourceTree = BUILT_PRODUCTS_DIR; };
		71919FEB20A02729004AC2AB /* Splash_ViewController.swift */ = {isa = PBXFileReference; lastKnownFileType = sourcecode.swift; path = Splash_ViewController.swift; sourceTree = "<group>"; };
		71919FF320A0272A004AC2AB /* Assets.xcassets */ = {isa = PBXFileReference; lastKnownFileType = folder.assetcatalog; path = Assets.xcassets; sourceTree = "<group>"; };
		71919FF820A0272A004AC2AB /* Info.plist */ = {isa = PBXFileReference; lastKnownFileType = text.plist.xml; path = Info.plist; sourceTree = "<group>"; };
		71919FFD20A0272A004AC2AB /* SoundropsTests.xctest */ = {isa = PBXFileReference; explicitFileType = wrapper.cfbundle; includeInIndex = 0; path = SoundropsTests.xctest; sourceTree = BUILT_PRODUCTS_DIR; };
		7191A00120A0272A004AC2AB /* SoundropsTests.swift */ = {isa = PBXFileReference; lastKnownFileType = sourcecode.swift; path = SoundropsTests.swift; sourceTree = "<group>"; };
		7191A00320A0272A004AC2AB /* Info.plist */ = {isa = PBXFileReference; lastKnownFileType = text.plist.xml; path = Info.plist; sourceTree = "<group>"; };
		719386E420B5BB8F00D81E83 /* Community_ViewController.swift */ = {isa = PBXFileReference; lastKnownFileType = sourcecode.swift; path = Community_ViewController.swift; sourceTree = "<group>"; };
		7193C4A620A1C8BE00AC8411 /* UserNotifications.framework */ = {isa = PBXFileReference; lastKnownFileType = wrapper.framework; name = UserNotifications.framework; path = System/Library/Frameworks/UserNotifications.framework; sourceTree = SDKROOT; };
		7193C4A820A1C8BE00AC8411 /* UserNotificationsUI.framework */ = {isa = PBXFileReference; lastKnownFileType = wrapper.framework; name = UserNotificationsUI.framework; path = System/Library/Frameworks/UserNotificationsUI.framework; sourceTree = SDKROOT; };
		719524CD21F7897F00DF3AFA /* Register2_ViewController.swift */ = {isa = PBXFileReference; lastKnownFileType = sourcecode.swift; path = Register2_ViewController.swift; sourceTree = "<group>"; };
		71988D9B22E1F16D0081E66E /* Main.storyboard */ = {isa = PBXFileReference; fileEncoding = 4; lastKnownFileType = file.storyboard; path = Main.storyboard; sourceTree = "<group>"; };
		719DBD5D20A49D7F00DEC21D /* Dashboard_ViewController.swift */ = {isa = PBXFileReference; lastKnownFileType = sourcecode.swift; path = Dashboard_ViewController.swift; sourceTree = "<group>"; };
		71AB1FEE221161F200216233 /* AppDelegate.swift */ = {isa = PBXFileReference; fileEncoding = 4; lastKnownFileType = sourcecode.swift; path = AppDelegate.swift; sourceTree = "<group>"; };
		71AD276B21416EA1004750FE /* Profile1_ViewController.swift */ = {isa = PBXFileReference; lastKnownFileType = sourcecode.swift; path = Profile1_ViewController.swift; sourceTree = "<group>"; };
		71AD276D21417409004750FE /* Profile2_ViewController.swift */ = {isa = PBXFileReference; lastKnownFileType = sourcecode.swift; path = Profile2_ViewController.swift; sourceTree = "<group>"; };
		71AD276F2141757B004750FE /* Profile3_ViewController.swift */ = {isa = PBXFileReference; lastKnownFileType = sourcecode.swift; path = Profile3_ViewController.swift; sourceTree = "<group>"; };
		71B1541B29642DCE00816088 /* AdvertisorList_ViewController.swift */ = {isa = PBXFileReference; lastKnownFileType = sourcecode.swift; path = AdvertisorList_ViewController.swift; sourceTree = "<group>"; };
		71B1541D2964367700816088 /* AdvertisorList_TableViewCell.swift */ = {isa = PBXFileReference; lastKnownFileType = sourcecode.swift; path = AdvertisorList_TableViewCell.swift; sourceTree = "<group>"; };
		71B8C04421FA1DBA00B2791B /* Register3_ViewController.swift */ = {isa = PBXFileReference; lastKnownFileType = sourcecode.swift; path = Register3_ViewController.swift; sourceTree = "<group>"; };
		71C2DF0A234FC0D5000D6672 /* Campaign_Detail_Cell.swift */ = {isa = PBXFileReference; fileEncoding = 4; lastKnownFileType = sourcecode.swift; path = Campaign_Detail_Cell.swift; sourceTree = "<group>"; };
		71D74F6F238BFEE400F2B406 /* Learning_1_ViewController.swift */ = {isa = PBXFileReference; lastKnownFileType = sourcecode.swift; path = Learning_1_ViewController.swift; sourceTree = "<group>"; };
		71D74F71238BFF8100F2B406 /* Learning_2_ViewController.swift */ = {isa = PBXFileReference; lastKnownFileType = sourcecode.swift; path = Learning_2_ViewController.swift; sourceTree = "<group>"; };
		71D78F3920AA0D370037C537 /* Soundrops.entitlements */ = {isa = PBXFileReference; lastKnownFileType = text.plist.entitlements; path = Soundrops.entitlements; sourceTree = "<group>"; };
		71D9773521F7191600F72879 /* Register1_ViewController.swift */ = {isa = PBXFileReference; lastKnownFileType = sourcecode.swift; path = Register1_ViewController.swift; sourceTree = "<group>"; };
		71DC256C21F77875006853F7 /* Register1_TableViewCell.swift */ = {isa = PBXFileReference; lastKnownFileType = sourcecode.swift; path = Register1_TableViewCell.swift; sourceTree = "<group>"; };
		71E5C82A221EAABB004ABD12 /* dunk.aiff */ = {isa = PBXFileReference; lastKnownFileType = audio.aiff; name = dunk.aiff; path = Assets.xcassets/dunk.aiff; sourceTree = "<group>"; };
		71EB5A1622D0E68D006B3CF0 /* Notification Content App Extension.entitlements */ = {isa = PBXFileReference; lastKnownFileType = text.plist.entitlements; path = "Notification Content App Extension.entitlements"; sourceTree = "<group>"; };
		71EDD82B2B0CB3E600AA8AD1 /* c_wifi.swift */ = {isa = PBXFileReference; lastKnownFileType = sourcecode.swift; path = c_wifi.swift; sourceTree = "<group>"; };
		71F10674262E1C5B00524D92 /* Soundrops.xcdatamodel */ = {isa = PBXFileReference; lastKnownFileType = wrapper.xcdatamodel; path = Soundrops.xcdatamodel; sourceTree = "<group>"; };
		71F16BA420D7AC26000C38EE /* Category_ViewController.swift */ = {isa = PBXFileReference; lastKnownFileType = sourcecode.swift; path = Category_ViewController.swift; sourceTree = "<group>"; };
		71F7383F2259EF460049EC16 /* InfoWindow.xib */ = {isa = PBXFileReference; lastKnownFileType = file.xib; path = InfoWindow.xib; sourceTree = "<group>"; };
		78149C5CD99F727B972F6B59 /* Pods-Soundrops.debug.xcconfig */ = {isa = PBXFileReference; includeInIndex = 1; lastKnownFileType = text.xcconfig; name = "Pods-Soundrops.debug.xcconfig"; path = "Target Support Files/Pods-Soundrops/Pods-Soundrops.debug.xcconfig"; sourceTree = "<group>"; };
		95B79BB5230CB8604B35B0AC /* Pods-PusherNotifications.release.xcconfig */ = {isa = PBXFileReference; includeInIndex = 1; lastKnownFileType = text.xcconfig; name = "Pods-PusherNotifications.release.xcconfig"; path = "Target Support Files/Pods-PusherNotifications/Pods-PusherNotifications.release.xcconfig"; sourceTree = "<group>"; };
		A94E6C5483C91B299E0EDD33 /* Pods-Notification Content App Extension.release.xcconfig */ = {isa = PBXFileReference; includeInIndex = 1; lastKnownFileType = text.xcconfig; name = "Pods-Notification Content App Extension.release.xcconfig"; path = "Target Support Files/Pods-Notification Content App Extension/Pods-Notification Content App Extension.release.xcconfig"; sourceTree = "<group>"; };
		C2453EC27281CFDB2A2132FE /* Pods-Notification Content App Extension.debug.xcconfig */ = {isa = PBXFileReference; includeInIndex = 1; lastKnownFileType = text.xcconfig; name = "Pods-Notification Content App Extension.debug.xcconfig"; path = "Target Support Files/Pods-Notification Content App Extension/Pods-Notification Content App Extension.debug.xcconfig"; sourceTree = "<group>"; };
		C4454CB2C484A735457522AE /* Pods-PusherNotifications.debug.xcconfig */ = {isa = PBXFileReference; includeInIndex = 1; lastKnownFileType = text.xcconfig; name = "Pods-PusherNotifications.debug.xcconfig"; path = "Target Support Files/Pods-PusherNotifications/Pods-PusherNotifications.debug.xcconfig"; sourceTree = "<group>"; };
		F75D63759871777F0CB3E246 /* Pods-Soundrops.release.xcconfig */ = {isa = PBXFileReference; includeInIndex = 1; lastKnownFileType = text.xcconfig; name = "Pods-Soundrops.release.xcconfig"; path = "Target Support Files/Pods-Soundrops/Pods-Soundrops.release.xcconfig"; sourceTree = "<group>"; };
/* End PBXFileReference section */

/* Begin PBXFrameworksBuildPhase section */
		7175F39020BECE5000322EC3 /* Frameworks */ = {
			isa = PBXFrameworksBuildPhase;
			buildActionMask = 2147483647;
			files = (
				A3EC525883A9A1D5E37A1344 /* Pods_PusherNotifications.framework in Frameworks */,
			);
			runOnlyForDeploymentPostprocessing = 0;
		};
		717AE84422CB9F9800D4B43F /* Frameworks */ = {
			isa = PBXFrameworksBuildPhase;
			buildActionMask = 2147483647;
			files = (
				717AE84922CB9F9800D4B43F /* UserNotificationsUI.framework in Frameworks */,
				717AE84822CB9F9800D4B43F /* UserNotifications.framework in Frameworks */,
				19403FB18BB3324DCCADA24D /* Pods_Notification_Content_App_Extension.framework in Frameworks */,
			);
			runOnlyForDeploymentPostprocessing = 0;
		};
		71919FE320A02729004AC2AB /* Frameworks */ = {
			isa = PBXFrameworksBuildPhase;
			buildActionMask = 2147483647;
			files = (
				710951DA20C6CFEA00BA7655 /* Social.framework in Frameworks */,
				710951D820C6CFE500BA7655 /* Accounts.framework in Frameworks */,
				CD60C9A50043553E8F1DFB27 /* Pods_Soundrops.framework in Frameworks */,
			);
			runOnlyForDeploymentPostprocessing = 0;
		};
		71919FFA20A0272A004AC2AB /* Frameworks */ = {
			isa = PBXFrameworksBuildPhase;
			buildActionMask = 2147483647;
			files = (
			);
			runOnlyForDeploymentPostprocessing = 0;
		};
/* End PBXFrameworksBuildPhase section */

/* Begin PBXGroup section */
		7175F39420BECE5000322EC3 /* PusherNotifications */ = {
			isa = PBXGroup;
			children = (
				7140C4C420A594560054EF06 /* Campaign_Detail_Cell.swift */,
				717AE84122CB8D3F00D4B43F /* NotificationService.swift */,
				7175F39E20BEDAB500322EC3 /* PusherNotifications.entitlements */,
				7175F39720BECE5000322EC3 /* Info.plist */,
			);
			path = PusherNotifications;
			sourceTree = "<group>";
		};
		717AE84A22CB9F9800D4B43F /* Notification Content App Extension */ = {
			isa = PBXGroup;
			children = (
				71EB5A1622D0E68D006B3CF0 /* Notification Content App Extension.entitlements */,
				7150563622CF4436006416A6 /* sound_on.png */,
				7150563422CF442C006416A6 /* sound_off.png */,
				717AE84B22CB9F9800D4B43F /* NotificationViewController.swift */,
				717AE84D22CB9F9800D4B43F /* MainInterface.storyboard */,
				717AE85022CB9F9800D4B43F /* Info.plist */,
			);
			path = "Notification Content App Extension";
			sourceTree = "<group>";
		};
		71919FDD20A02729004AC2AB = {
			isa = PBXGroup;
			children = (
				7174113520B3EB4300A34123 /* Podfile */,
				71919FE820A02729004AC2AB /* Soundrops */,
				7191A00020A0272A004AC2AB /* SoundropsTests */,
				7175F39420BECE5000322EC3 /* PusherNotifications */,
				717AE84A22CB9F9800D4B43F /* Notification Content App Extension */,
				7193C4A520A1C8BE00AC8411 /* Frameworks */,
				71919FE720A02729004AC2AB /* Products */,
				C366A3AB9F4B5A9E39E62AA9 /* Pods */,
			);
			sourceTree = "<group>";
		};
		71919FE720A02729004AC2AB /* Products */ = {
			isa = PBXGroup;
			children = (
				71919FE620A02729004AC2AB /* Soundrops.app */,
				71919FFD20A0272A004AC2AB /* SoundropsTests.xctest */,
				7175F39320BECE5000322EC3 /* PusherNotifications.appex */,
				717AE84722CB9F9800D4B43F /* Notification Content App Extension.appex */,
			);
			name = Products;
			sourceTree = "<group>";
		};
		71919FE820A02729004AC2AB /* Soundrops */ = {
			isa = PBXGroup;
			children = (
				71919FF820A0272A004AC2AB /* Info.plist */,
				71F10673262E1C5B00524D92 /* Soundrops.xcdatamodeld */,
				71D78F3920AA0D370037C537 /* Soundrops.entitlements */,
				71E5C82A221EAABB004ABD12 /* dunk.aiff */,
				71988D9B22E1F16D0081E66E /* Main.storyboard */,
				7159706A21CBA95600F33111 /* Splashscreen.storyboard */,
				71F7383F2259EF460049EC16 /* InfoWindow.xib */,
				712F805022E0C12E00AA3117 /* CustomInfoWindow.xib */,
				71EDD82B2B0CB3E600AA8AD1 /* c_wifi.swift */,
				715644532B0250E8008E52E4 /* c_api.swift */,
				71AB1FEE221161F200216233 /* AppDelegate.swift */,
				71919FEB20A02729004AC2AB /* Splash_ViewController.swift */,
				7159706C21CBBBF100F33111 /* Start1_VIewController.swift */,
				71D9773521F7191600F72879 /* Register1_ViewController.swift */,
				71DC256C21F77875006853F7 /* Register1_TableViewCell.swift */,
				719524CD21F7897F00DF3AFA /* Register2_ViewController.swift */,
				71B8C04421FA1DBA00B2791B /* Register3_ViewController.swift */,
				719DBD5D20A49D7F00DEC21D /* Dashboard_ViewController.swift */,
				718759C520A57567007583EC /* Campaign_ViewController.swift */,
				7106FA7A20A9C5CC0032C454 /* CampaignDetailViewController.swift */,
				71C2DF0A234FC0D5000D6672 /* Campaign_Detail_Cell.swift */,
				71B1541B29642DCE00816088 /* AdvertisorList_ViewController.swift */,
				71B1541D2964367700816088 /* AdvertisorList_TableViewCell.swift */,
				71555A6C222109810095F7A4 /* addCollectionViewCell.swift */,
				7185E63F213537820095467D /* Category_cell.swift */,
				71F16BA420D7AC26000C38EE /* Category_ViewController.swift */,
				714DC9CE21A56FF300435FBA /* Checkid_ViewController.swift */,
				719386E420B5BB8F00D81E83 /* Community_ViewController.swift */,
				71D74F6F238BFEE400F2B406 /* Learning_1_ViewController.swift */,
				71D74F71238BFF8100F2B406 /* Learning_2_ViewController.swift */,
				7103C50C20CE938F000B8C23 /* Map_ViewController.swift */,
				712CB5E3295C921700ECEA89 /* Perks_ViewController.swift */,
				714E79F1295EAEF60058F447 /* PerksSingle_ViewController.swift */,
				714E79ED295D7E820058F447 /* PerkTableViewCell.swift */,
				71AD276B21416EA1004750FE /* Profile1_ViewController.swift */,
				71AD276D21417409004750FE /* Profile2_ViewController.swift */,
				71AD276F2141757B004750FE /* Profile3_ViewController.swift */,
				71D85C2B20A76B9700ACFEEF /* Images */,
				71919FF320A0272A004AC2AB /* Assets.xcassets */,
				71100ABD297843120082E184 /* Structures.swift */,
			);
			path = Soundrops;
			sourceTree = "<group>";
		};
		7191A00020A0272A004AC2AB /* SoundropsTests */ = {
			isa = PBXGroup;
			children = (
				7191A00120A0272A004AC2AB /* SoundropsTests.swift */,
				7191A00320A0272A004AC2AB /* Info.plist */,
			);
			path = SoundropsTests;
			sourceTree = "<group>";
		};
		7193C4A520A1C8BE00AC8411 /* Frameworks */ = {
			isa = PBXGroup;
			children = (
				710951D920C6CFEA00BA7655 /* Social.framework */,
				710951D720C6CFE500BA7655 /* Accounts.framework */,
				7193C4A620A1C8BE00AC8411 /* UserNotifications.framework */,
				7193C4A820A1C8BE00AC8411 /* UserNotificationsUI.framework */,
				7133FE2F20CA9E6E00A8E44B /* NotificationCenter.framework */,
				08942A0FFF74E14A571F429C /* Pods_Notification_Content_App_Extension.framework */,
				24925D2D85BA6139376168C9 /* Pods_PusherNotifications.framework */,
				1A825CD361102E83BD0CBE8A /* Pods_Soundrops.framework */,
			);
			name = Frameworks;
			sourceTree = "<group>";
		};
		71D85C2B20A76B9700ACFEEF /* Images */ = {
			isa = PBXGroup;
			children = (
			);
			name = Images;
			sourceTree = "<group>";
		};
		C366A3AB9F4B5A9E39E62AA9 /* Pods */ = {
			isa = PBXGroup;
			children = (
				C2453EC27281CFDB2A2132FE /* Pods-Notification Content App Extension.debug.xcconfig */,
				A94E6C5483C91B299E0EDD33 /* Pods-Notification Content App Extension.release.xcconfig */,
				C4454CB2C484A735457522AE /* Pods-PusherNotifications.debug.xcconfig */,
				95B79BB5230CB8604B35B0AC /* Pods-PusherNotifications.release.xcconfig */,
				78149C5CD99F727B972F6B59 /* Pods-Soundrops.debug.xcconfig */,
				F75D63759871777F0CB3E246 /* Pods-Soundrops.release.xcconfig */,
			);
			path = Pods;
			sourceTree = "<group>";
		};
/* End PBXGroup section */

/* Begin PBXNativeTarget section */
		7175F39220BECE5000322EC3 /* PusherNotifications */ = {
			isa = PBXNativeTarget;
			buildConfigurationList = 7175F39B20BECE5000322EC3 /* Build configuration list for PBXNativeTarget "PusherNotifications" */;
			buildPhases = (
				BFBF2A1889130B0539DC1627 /* [CP] Check Pods Manifest.lock */,
				7175F38F20BECE5000322EC3 /* Sources */,
				7175F39020BECE5000322EC3 /* Frameworks */,
				7175F39120BECE5000322EC3 /* Resources */,
			);
			buildRules = (
			);
			dependencies = (
			);
			name = PusherNotifications;
			productName = PusherNotifications;
			productReference = 7175F39320BECE5000322EC3 /* PusherNotifications.appex */;
			productType = "com.apple.product-type.app-extension";
		};
		717AE84622CB9F9800D4B43F /* Notification Content App Extension */ = {
			isa = PBXNativeTarget;
			buildConfigurationList = 717AE85422CB9F9800D4B43F /* Build configuration list for PBXNativeTarget "Notification Content App Extension" */;
			buildPhases = (
				1A092699206A6790AD2E1287 /* [CP] Check Pods Manifest.lock */,
				717AE84322CB9F9800D4B43F /* Sources */,
				717AE84422CB9F9800D4B43F /* Frameworks */,
				717AE84522CB9F9800D4B43F /* Resources */,
			);
			buildRules = (
			);
			dependencies = (
			);
			name = "Notification Content App Extension";
			productName = "Notification Content App Extension";
			productReference = 717AE84722CB9F9800D4B43F /* Notification Content App Extension.appex */;
			productType = "com.apple.product-type.app-extension";
		};
		71919FE520A02729004AC2AB /* Soundrops */ = {
			isa = PBXNativeTarget;
			buildConfigurationList = 7191A01120A0272A004AC2AB /* Build configuration list for PBXNativeTarget "Soundrops" */;
			buildPhases = (
				A6E93A6489F428DC413447CC /* [CP] Check Pods Manifest.lock */,
				71919FE220A02729004AC2AB /* Sources */,
				71919FE320A02729004AC2AB /* Frameworks */,
				71919FE420A02729004AC2AB /* Resources */,
				7193C4B720A1C8BE00AC8411 /* Embed Foundation Extensions */,
				C092FCE8F323080096EBCE47 /* [CP] Embed Pods Frameworks */,
				1ED8940CF4B274C6DEE0E1EA /* [CP] Copy Pods Resources */,
			);
			buildRules = (
			);
			dependencies = (
				7175F39920BECE5000322EC3 /* PBXTargetDependency */,
				717AE85222CB9F9800D4B43F /* PBXTargetDependency */,
			);
			name = Soundrops;
			productName = Soundrops;
			productReference = 71919FE620A02729004AC2AB /* Soundrops.app */;
			productType = "com.apple.product-type.application";
		};
		71919FFC20A0272A004AC2AB /* SoundropsTests */ = {
			isa = PBXNativeTarget;
			buildConfigurationList = 7191A01420A0272A004AC2AB /* Build configuration list for PBXNativeTarget "SoundropsTests" */;
			buildPhases = (
				71919FF920A0272A004AC2AB /* Sources */,
				71919FFA20A0272A004AC2AB /* Frameworks */,
				71919FFB20A0272A004AC2AB /* Resources */,
			);
			buildRules = (
			);
			dependencies = (
				71919FFF20A0272A004AC2AB /* PBXTargetDependency */,
			);
			name = SoundropsTests;
			productName = SoundropsTests;
			productReference = 71919FFD20A0272A004AC2AB /* SoundropsTests.xctest */;
			productType = "com.apple.product-type.bundle.unit-test";
		};
/* End PBXNativeTarget section */

/* Begin PBXProject section */
		71919FDE20A02729004AC2AB /* Project object */ = {
			isa = PBXProject;
			attributes = {
				LastSwiftUpdateCheck = 1020;
				LastUpgradeCheck = 1410;
				ORGANIZATIONNAME = "Jan Erik Meidell";
				TargetAttributes = {
					7175F39220BECE5000322EC3 = {
						CreatedOnToolsVersion = 9.3.1;
						LastSwiftMigration = 1020;
						SystemCapabilities = {
							com.apple.Push = {
								enabled = 1;
							};
						};
					};
					717AE84622CB9F9800D4B43F = {
						CreatedOnToolsVersion = 10.2.1;
						SystemCapabilities = {
							com.apple.ApplicationGroups.iOS = {
								enabled = 1;
							};
						};
					};
					71919FE520A02729004AC2AB = {
						CreatedOnToolsVersion = 9.3;
						LastSwiftMigration = 1020;
						SystemCapabilities = {
							com.apple.ApplicationGroups.iOS = {
								enabled = 1;
							};
							com.apple.BackgroundModes = {
								enabled = 1;
							};
							com.apple.Push = {
								enabled = 1;
							};
						};
					};
					71919FFC20A0272A004AC2AB = {
						CreatedOnToolsVersion = 9.3;
						LastSwiftMigration = 1020;
						TestTargetID = 71919FE520A02729004AC2AB;
					};
				};
			};
			buildConfigurationList = 71919FE120A02729004AC2AB /* Build configuration list for PBXProject "Soundrops" */;
			compatibilityVersion = "Xcode 9.3";
			developmentRegion = en;
			hasScannedForEncodings = 0;
			knownRegions = (
				en,
				Base,
			);
			mainGroup = 71919FDD20A02729004AC2AB;
			productRefGroup = 71919FE720A02729004AC2AB /* Products */;
			projectDirPath = "";
			projectRoot = "";
			targets = (
				71919FE520A02729004AC2AB /* Soundrops */,
				71919FFC20A0272A004AC2AB /* SoundropsTests */,
				7175F39220BECE5000322EC3 /* PusherNotifications */,
				717AE84622CB9F9800D4B43F /* Notification Content App Extension */,
			);
		};
/* End PBXProject section */

/* Begin PBXResourcesBuildPhase section */
		7175F39120BECE5000322EC3 /* Resources */ = {
			isa = PBXResourcesBuildPhase;
			buildActionMask = 2147483647;
			files = (
			);
			runOnlyForDeploymentPostprocessing = 0;
		};
		717AE84522CB9F9800D4B43F /* Resources */ = {
			isa = PBXResourcesBuildPhase;
			buildActionMask = 2147483647;
			files = (
				717AE84F22CB9F9800D4B43F /* MainInterface.storyboard in Resources */,
				7150563522CF442C006416A6 /* sound_off.png in Resources */,
				7150563722CF4436006416A6 /* sound_on.png in Resources */,
			);
			runOnlyForDeploymentPostprocessing = 0;
		};
		71919FE420A02729004AC2AB /* Resources */ = {
			isa = PBXResourcesBuildPhase;
			buildActionMask = 2147483647;
			files = (
				7159706B21CBA95600F33111 /* Splashscreen.storyboard in Resources */,
				7174113620B3EB4300A34123 /* Podfile in Resources */,
				71F738402259EF460049EC16 /* InfoWindow.xib in Resources */,
				71919FF420A0272A004AC2AB /* Assets.xcassets in Resources */,
				71988D9C22E1F16D0081E66E /* Main.storyboard in Resources */,
				71E5C82B221EAABB004ABD12 /* dunk.aiff in Resources */,
				712F805122E0C12E00AA3117 /* CustomInfoWindow.xib in Resources */,
			);
			runOnlyForDeploymentPostprocessing = 0;
		};
		71919FFB20A0272A004AC2AB /* Resources */ = {
			isa = PBXResourcesBuildPhase;
			buildActionMask = 2147483647;
			files = (
			);
			runOnlyForDeploymentPostprocessing = 0;
		};
/* End PBXResourcesBuildPhase section */

/* Begin PBXShellScriptBuildPhase section */
		1A092699206A6790AD2E1287 /* [CP] Check Pods Manifest.lock */ = {
			isa = PBXShellScriptBuildPhase;
			buildActionMask = 2147483647;
			files = (
			);
			inputFileListPaths = (
			);
			inputPaths = (
				"${PODS_PODFILE_DIR_PATH}/Podfile.lock",
				"${PODS_ROOT}/Manifest.lock",
			);
			name = "[CP] Check Pods Manifest.lock";
			outputFileListPaths = (
			);
			outputPaths = (
				"$(DERIVED_FILE_DIR)/Pods-Notification Content App Extension-checkManifestLockResult.txt",
			);
			runOnlyForDeploymentPostprocessing = 0;
			shellPath = /bin/sh;
			shellScript = "diff \"${PODS_PODFILE_DIR_PATH}/Podfile.lock\" \"${PODS_ROOT}/Manifest.lock\" > /dev/null\nif [ $? != 0 ] ; then\n    # print error to STDERR\n    echo \"error: The sandbox is not in sync with the Podfile.lock. Run 'pod install' or update your CocoaPods installation.\" >&2\n    exit 1\nfi\n# This output is used by Xcode 'outputs' to avoid re-running this script phase.\necho \"SUCCESS\" > \"${SCRIPT_OUTPUT_FILE_0}\"\n";
			showEnvVarsInLog = 0;
		};
		1ED8940CF4B274C6DEE0E1EA /* [CP] Copy Pods Resources */ = {
			isa = PBXShellScriptBuildPhase;
			buildActionMask = 2147483647;
			files = (
			);
			inputFileListPaths = (
				"${PODS_ROOT}/Target Support Files/Pods-Soundrops/Pods-Soundrops-resources-${CONFIGURATION}-input-files.xcfilelist",
			);
			name = "[CP] Copy Pods Resources";
			outputFileListPaths = (
				"${PODS_ROOT}/Target Support Files/Pods-Soundrops/Pods-Soundrops-resources-${CONFIGURATION}-output-files.xcfilelist",
			);
			runOnlyForDeploymentPostprocessing = 0;
			shellPath = /bin/sh;
			shellScript = "\"${PODS_ROOT}/Target Support Files/Pods-Soundrops/Pods-Soundrops-resources.sh\"\n";
			showEnvVarsInLog = 0;
		};
		A6E93A6489F428DC413447CC /* [CP] Check Pods Manifest.lock */ = {
			isa = PBXShellScriptBuildPhase;
			buildActionMask = 2147483647;
			files = (
			);
			inputFileListPaths = (
			);
			inputPaths = (
				"${PODS_PODFILE_DIR_PATH}/Podfile.lock",
				"${PODS_ROOT}/Manifest.lock",
			);
			name = "[CP] Check Pods Manifest.lock";
			outputFileListPaths = (
			);
			outputPaths = (
				"$(DERIVED_FILE_DIR)/Pods-Soundrops-checkManifestLockResult.txt",
			);
			runOnlyForDeploymentPostprocessing = 0;
			shellPath = /bin/sh;
			shellScript = "diff \"${PODS_PODFILE_DIR_PATH}/Podfile.lock\" \"${PODS_ROOT}/Manifest.lock\" > /dev/null\nif [ $? != 0 ] ; then\n    # print error to STDERR\n    echo \"error: The sandbox is not in sync with the Podfile.lock. Run 'pod install' or update your CocoaPods installation.\" >&2\n    exit 1\nfi\n# This output is used by Xcode 'outputs' to avoid re-running this script phase.\necho \"SUCCESS\" > \"${SCRIPT_OUTPUT_FILE_0}\"\n";
			showEnvVarsInLog = 0;
		};
		BFBF2A1889130B0539DC1627 /* [CP] Check Pods Manifest.lock */ = {
			isa = PBXShellScriptBuildPhase;
			buildActionMask = 2147483647;
			files = (
			);
			inputFileListPaths = (
			);
			inputPaths = (
				"${PODS_PODFILE_DIR_PATH}/Podfile.lock",
				"${PODS_ROOT}/Manifest.lock",
			);
			name = "[CP] Check Pods Manifest.lock";
			outputFileListPaths = (
			);
			outputPaths = (
				"$(DERIVED_FILE_DIR)/Pods-PusherNotifications-checkManifestLockResult.txt",
			);
			runOnlyForDeploymentPostprocessing = 0;
			shellPath = /bin/sh;
			shellScript = "diff \"${PODS_PODFILE_DIR_PATH}/Podfile.lock\" \"${PODS_ROOT}/Manifest.lock\" > /dev/null\nif [ $? != 0 ] ; then\n    # print error to STDERR\n    echo \"error: The sandbox is not in sync with the Podfile.lock. Run 'pod install' or update your CocoaPods installation.\" >&2\n    exit 1\nfi\n# This output is used by Xcode 'outputs' to avoid re-running this script phase.\necho \"SUCCESS\" > \"${SCRIPT_OUTPUT_FILE_0}\"\n";
			showEnvVarsInLog = 0;
		};
		C092FCE8F323080096EBCE47 /* [CP] Embed Pods Frameworks */ = {
			isa = PBXShellScriptBuildPhase;
			buildActionMask = 2147483647;
			files = (
			);
			inputFileListPaths = (
				"${PODS_ROOT}/Target Support Files/Pods-Soundrops/Pods-Soundrops-frameworks-${CONFIGURATION}-input-files.xcfilelist",
			);
			name = "[CP] Embed Pods Frameworks";
			outputFileListPaths = (
				"${PODS_ROOT}/Target Support Files/Pods-Soundrops/Pods-Soundrops-frameworks-${CONFIGURATION}-output-files.xcfilelist",
			);
			runOnlyForDeploymentPostprocessing = 0;
			shellPath = /bin/sh;
			shellScript = "\"${PODS_ROOT}/Target Support Files/Pods-Soundrops/Pods-Soundrops-frameworks.sh\"\n";
			showEnvVarsInLog = 0;
		};
/* End PBXShellScriptBuildPhase section */

/* Begin PBXSourcesBuildPhase section */
		7175F38F20BECE5000322EC3 /* Sources */ = {
			isa = PBXSourcesBuildPhase;
			buildActionMask = 2147483647;
			files = (
				71E9DC8422DCC13A005E213A /* Campaign_Detail_Cell.swift in Sources */,
				717AE84222CB8D3F00D4B43F /* NotificationService.swift in Sources */,
			);
			runOnlyForDeploymentPostprocessing = 0;
		};
		717AE84322CB9F9800D4B43F /* Sources */ = {
			isa = PBXSourcesBuildPhase;
			buildActionMask = 2147483647;
			files = (
				717AE84C22CB9F9800D4B43F /* NotificationViewController.swift in Sources */,
			);
			runOnlyForDeploymentPostprocessing = 0;
		};
		71919FE220A02729004AC2AB /* Sources */ = {
			isa = PBXSourcesBuildPhase;
			buildActionMask = 2147483647;
			files = (
				712CB5E4295C921700ECEA89 /* Perks_ViewController.swift in Sources */,
				71D9773621F7191600F72879 /* Register1_ViewController.swift in Sources */,
				7185E640213537820095467D /* Category_cell.swift in Sources */,
				715644542B0250E8008E52E4 /* c_api.swift in Sources */,
				71AD276C21416EA1004750FE /* Profile1_ViewController.swift in Sources */,
				71DC256D21F77875006853F7 /* Register1_TableViewCell.swift in Sources */,
				71AD276E21417409004750FE /* Profile2_ViewController.swift in Sources */,
				719524CE21F7897F00DF3AFA /* Register2_ViewController.swift in Sources */,
				71919FEC20A02729004AC2AB /* Splash_ViewController.swift in Sources */,
				71EDD82C2B0CB3E600AA8AD1 /* c_wifi.swift in Sources */,
				719DBD5E20A49D7F00DEC21D /* Dashboard_ViewController.swift in Sources */,
				71D74F72238BFF8100F2B406 /* Learning_2_ViewController.swift in Sources */,
				71B1541E2964367700816088 /* AdvertisorList_TableViewCell.swift in Sources */,
				719386E520B5BB8F00D81E83 /* Community_ViewController.swift in Sources */,
				714E79EE295D7E820058F447 /* PerkTableViewCell.swift in Sources */,
				714DC9CF21A56FF300435FBA /* Checkid_ViewController.swift in Sources */,
				718759C620A57567007583EC /* Campaign_ViewController.swift in Sources */,
				7106FA7B20A9C5CC0032C454 /* CampaignDetailViewController.swift in Sources */,
				71100ABE297843120082E184 /* Structures.swift in Sources */,
				71F16BA520D7AC26000C38EE /* Category_ViewController.swift in Sources */,
				714E79F2295EAEF60058F447 /* PerksSingle_ViewController.swift in Sources */,
				71D74F70238BFEE400F2B406 /* Learning_1_ViewController.swift in Sources */,
				71F10675262E1C5B00524D92 /* Soundrops.xcdatamodeld in Sources */,
				71C2DF0B234FC0D5000D6672 /* Campaign_Detail_Cell.swift in Sources */,
				7159706D21CBBBF100F33111 /* Start1_VIewController.swift in Sources */,
				71B8C04521FA1DBA00B2791B /* Register3_ViewController.swift in Sources */,
				71B1541C29642DCE00816088 /* AdvertisorList_ViewController.swift in Sources */,
				71555A6D222109810095F7A4 /* addCollectionViewCell.swift in Sources */,
				71AD27702141757B004750FE /* Profile3_ViewController.swift in Sources */,
				71AB1FEF221161F200216233 /* AppDelegate.swift in Sources */,
				7103C50D20CE938F000B8C23 /* Map_ViewController.swift in Sources */,
			);
			runOnlyForDeploymentPostprocessing = 0;
		};
		71919FF920A0272A004AC2AB /* Sources */ = {
			isa = PBXSourcesBuildPhase;
			buildActionMask = 2147483647;
			files = (
				7191A00220A0272A004AC2AB /* SoundropsTests.swift in Sources */,
			);
			runOnlyForDeploymentPostprocessing = 0;
		};
/* End PBXSourcesBuildPhase section */

/* Begin PBXTargetDependency section */
		7175F39920BECE5000322EC3 /* PBXTargetDependency */ = {
			isa = PBXTargetDependency;
			target = 7175F39220BECE5000322EC3 /* PusherNotifications */;
			targetProxy = 7175F39820BECE5000322EC3 /* PBXContainerItemProxy */;
		};
		717AE85222CB9F9800D4B43F /* PBXTargetDependency */ = {
			isa = PBXTargetDependency;
			target = 717AE84622CB9F9800D4B43F /* Notification Content App Extension */;
			targetProxy = 717AE85122CB9F9800D4B43F /* PBXContainerItemProxy */;
		};
		71919FFF20A0272A004AC2AB /* PBXTargetDependency */ = {
			isa = PBXTargetDependency;
			target = 71919FE520A02729004AC2AB /* Soundrops */;
			targetProxy = 71919FFE20A0272A004AC2AB /* PBXContainerItemProxy */;
		};
/* End PBXTargetDependency section */

/* Begin PBXVariantGroup section */
		717AE84D22CB9F9800D4B43F /* MainInterface.storyboard */ = {
			isa = PBXVariantGroup;
			children = (
				717AE84E22CB9F9800D4B43F /* Base */,
			);
			name = MainInterface.storyboard;
			sourceTree = "<group>";
		};
/* End PBXVariantGroup section */

/* Begin XCBuildConfiguration section */
		7175F39C20BECE5000322EC3 /* Debug */ = {
			isa = XCBuildConfiguration;
			baseConfigurationReference = C4454CB2C484A735457522AE /* Pods-PusherNotifications.debug.xcconfig */;
			buildSettings = {
				CLANG_ENABLE_MODULES = YES;
				CODE_SIGN_ENTITLEMENTS = PusherNotifications/PusherNotifications.entitlements;
				CODE_SIGN_IDENTITY = "iPhone Developer";
				CODE_SIGN_STYLE = Automatic;
				CURRENT_PROJECT_VERSION = 2;
				DEVELOPMENT_TEAM = QT5GLVAPV5;
				INFOPLIST_FILE = PusherNotifications/Info.plist;
				IPHONEOS_DEPLOYMENT_TARGET = 16.1;
				LD_RUNPATH_SEARCH_PATHS = (
					"$(inherited)",
					"@executable_path/Frameworks",
					"@executable_path/../../Frameworks",
				);
				MARKETING_VERSION = 7.1;
				OTHER_LDFLAGS = "-ObjC";
				PRODUCT_BUNDLE_IDENTIFIER = soundropsios.pushernotification;
				PRODUCT_NAME = "$(TARGET_NAME)";
				SKIP_INSTALL = YES;
				SWIFT_OBJC_BRIDGING_HEADER = "PusherNotifications/PusherNotifications-Bridging-Header.h";
				SWIFT_OPTIMIZATION_LEVEL = "-Onone";
				SWIFT_VERSION = 5.0;
				TARGETED_DEVICE_FAMILY = "1,2";
			};
			name = Debug;
		};
		7175F39D20BECE5000322EC3 /* Release */ = {
			isa = XCBuildConfiguration;
			baseConfigurationReference = 95B79BB5230CB8604B35B0AC /* Pods-PusherNotifications.release.xcconfig */;
			buildSettings = {
				CLANG_ENABLE_MODULES = YES;
				CODE_SIGN_ENTITLEMENTS = PusherNotifications/PusherNotifications.entitlements;
				CODE_SIGN_IDENTITY = "iPhone Developer";
				CODE_SIGN_STYLE = Automatic;
				CURRENT_PROJECT_VERSION = 2;
				DEVELOPMENT_TEAM = QT5GLVAPV5;
				INFOPLIST_FILE = PusherNotifications/Info.plist;
				IPHONEOS_DEPLOYMENT_TARGET = 16.1;
				LD_RUNPATH_SEARCH_PATHS = (
					"$(inherited)",
					"@executable_path/Frameworks",
					"@executable_path/../../Frameworks",
				);
				MARKETING_VERSION = 7.1;
				OTHER_LDFLAGS = "-ObjC";
				PRODUCT_BUNDLE_IDENTIFIER = soundropsios.pushernotification;
				PRODUCT_NAME = "$(TARGET_NAME)";
				SKIP_INSTALL = YES;
				SWIFT_OBJC_BRIDGING_HEADER = "PusherNotifications/PusherNotifications-Bridging-Header.h";
				SWIFT_VERSION = 5.0;
				TARGETED_DEVICE_FAMILY = "1,2";
			};
			name = Release;
		};
		717AE85522CB9F9800D4B43F /* Debug */ = {
			isa = XCBuildConfiguration;
			baseConfigurationReference = C2453EC27281CFDB2A2132FE /* Pods-Notification Content App Extension.debug.xcconfig */;
			buildSettings = {
				CODE_SIGN_ENTITLEMENTS = "Notification Content App Extension/Notification Content App Extension.entitlements";
				CODE_SIGN_IDENTITY = "iPhone Developer";
				CODE_SIGN_STYLE = Automatic;
				CURRENT_PROJECT_VERSION = 2;
				DEVELOPMENT_TEAM = QT5GLVAPV5;
				INFOPLIST_FILE = "Notification Content App Extension/Info.plist";
				IPHONEOS_DEPLOYMENT_TARGET = 16.1;
				LD_RUNPATH_SEARCH_PATHS = (
					"$(inherited)",
					"@executable_path/Frameworks",
					"@executable_path/../../Frameworks",
				);
				MARKETING_VERSION = 7.1;
				MTL_ENABLE_DEBUG_INFO = INCLUDE_SOURCE;
				MTL_FAST_MATH = YES;
				PRODUCT_BUNDLE_IDENTIFIER = "soundropsios.notification-extension";
				PRODUCT_NAME = "$(TARGET_NAME)";
				SKIP_INSTALL = YES;
				SWIFT_VERSION = 5.0;
				TARGETED_DEVICE_FAMILY = "1,2";
			};
			name = Debug;
		};
		717AE85622CB9F9800D4B43F /* Release */ = {
			isa = XCBuildConfiguration;
			baseConfigurationReference = A94E6C5483C91B299E0EDD33 /* Pods-Notification Content App Extension.release.xcconfig */;
			buildSettings = {
				CODE_SIGN_ENTITLEMENTS = "Notification Content App Extension/Notification Content App Extension.entitlements";
				CODE_SIGN_IDENTITY = "iPhone Developer";
				CODE_SIGN_STYLE = Automatic;
				CURRENT_PROJECT_VERSION = 2;
				DEVELOPMENT_TEAM = QT5GLVAPV5;
				INFOPLIST_FILE = "Notification Content App Extension/Info.plist";
				IPHONEOS_DEPLOYMENT_TARGET = 16.1;
				LD_RUNPATH_SEARCH_PATHS = (
					"$(inherited)",
					"@executable_path/Frameworks",
					"@executable_path/../../Frameworks",
				);
				MARKETING_VERSION = 7.1;
				MTL_FAST_MATH = YES;
				PRODUCT_BUNDLE_IDENTIFIER = "soundropsios.notification-extension";
				PRODUCT_NAME = "$(TARGET_NAME)";
				SKIP_INSTALL = YES;
				SWIFT_VERSION = 5.0;
				TARGETED_DEVICE_FAMILY = "1,2";
			};
			name = Release;
		};
		7191A00F20A0272A004AC2AB /* Debug */ = {
			isa = XCBuildConfiguration;
			buildSettings = {
				ALWAYS_SEARCH_USER_PATHS = NO;
				CLANG_ANALYZER_NONNULL = YES;
				CLANG_ANALYZER_NUMBER_OBJECT_CONVERSION = YES_AGGRESSIVE;
				CLANG_CXX_LANGUAGE_STANDARD = "gnu++14";
				CLANG_CXX_LIBRARY = "libc++";
				CLANG_ENABLE_MODULES = YES;
				CLANG_ENABLE_OBJC_ARC = YES;
				CLANG_ENABLE_OBJC_WEAK = YES;
				CLANG_WARN_BLOCK_CAPTURE_AUTORELEASING = YES;
				CLANG_WARN_BOOL_CONVERSION = YES;
				CLANG_WARN_COMMA = YES;
				CLANG_WARN_CONSTANT_CONVERSION = YES;
				CLANG_WARN_DEPRECATED_OBJC_IMPLEMENTATIONS = YES;
				CLANG_WARN_DIRECT_OBJC_ISA_USAGE = YES_ERROR;
				CLANG_WARN_DOCUMENTATION_COMMENTS = YES;
				CLANG_WARN_EMPTY_BODY = YES;
				CLANG_WARN_ENUM_CONVERSION = YES;
				CLANG_WARN_INFINITE_RECURSION = YES;
				CLANG_WARN_INT_CONVERSION = YES;
				CLANG_WARN_NON_LITERAL_NULL_CONVERSION = YES;
				CLANG_WARN_OBJC_IMPLICIT_RETAIN_SELF = YES;
				CLANG_WARN_OBJC_LITERAL_CONVERSION = YES;
				CLANG_WARN_OBJC_ROOT_CLASS = YES_ERROR;
				CLANG_WARN_QUOTED_INCLUDE_IN_FRAMEWORK_HEADER = YES;
				CLANG_WARN_RANGE_LOOP_ANALYSIS = YES;
				CLANG_WARN_STRICT_PROTOTYPES = YES;
				CLANG_WARN_SUSPICIOUS_MOVE = YES;
				CLANG_WARN_UNGUARDED_AVAILABILITY = YES_AGGRESSIVE;
				CLANG_WARN_UNREACHABLE_CODE = YES;
				CLANG_WARN__DUPLICATE_METHOD_MATCH = YES;
				CODE_SIGN_IDENTITY = "iPhone Developer";
				COPY_PHASE_STRIP = NO;
				DEBUG_INFORMATION_FORMAT = dwarf;
				ENABLE_STRICT_OBJC_MSGSEND = YES;
				ENABLE_TESTABILITY = YES;
				GCC_C_LANGUAGE_STANDARD = gnu11;
				GCC_DYNAMIC_NO_PIC = NO;
				GCC_NO_COMMON_BLOCKS = YES;
				GCC_OPTIMIZATION_LEVEL = 0;
				GCC_PREPROCESSOR_DEFINITIONS = (
					"DEBUG=1",
					"$(inherited)",
				);
				GCC_WARN_64_TO_32_BIT_CONVERSION = YES;
				GCC_WARN_ABOUT_RETURN_TYPE = YES_ERROR;
				GCC_WARN_UNDECLARED_SELECTOR = YES;
				GCC_WARN_UNINITIALIZED_AUTOS = YES_AGGRESSIVE;
				GCC_WARN_UNUSED_FUNCTION = YES;
				GCC_WARN_UNUSED_VARIABLE = YES;
				IPHONEOS_DEPLOYMENT_TARGET = 16.1;
				MTL_ENABLE_DEBUG_INFO = YES;
				ONLY_ACTIVE_ARCH = YES;
				OTHER_LDFLAGS = "";
				SDKROOT = iphoneos;
				SWIFT_ACTIVE_COMPILATION_CONDITIONS = DEBUG;
				SWIFT_OPTIMIZATION_LEVEL = "-Onone";
			};
			name = Debug;
		};
		7191A01020A0272A004AC2AB /* Release */ = {
			isa = XCBuildConfiguration;
			buildSettings = {
				ALWAYS_SEARCH_USER_PATHS = NO;
				CLANG_ANALYZER_NONNULL = YES;
				CLANG_ANALYZER_NUMBER_OBJECT_CONVERSION = YES_AGGRESSIVE;
				CLANG_CXX_LANGUAGE_STANDARD = "gnu++14";
				CLANG_CXX_LIBRARY = "libc++";
				CLANG_ENABLE_MODULES = YES;
				CLANG_ENABLE_OBJC_ARC = YES;
				CLANG_ENABLE_OBJC_WEAK = YES;
				CLANG_WARN_BLOCK_CAPTURE_AUTORELEASING = YES;
				CLANG_WARN_BOOL_CONVERSION = YES;
				CLANG_WARN_COMMA = YES;
				CLANG_WARN_CONSTANT_CONVERSION = YES;
				CLANG_WARN_DEPRECATED_OBJC_IMPLEMENTATIONS = YES;
				CLANG_WARN_DIRECT_OBJC_ISA_USAGE = YES_ERROR;
				CLANG_WARN_DOCUMENTATION_COMMENTS = YES;
				CLANG_WARN_EMPTY_BODY = YES;
				CLANG_WARN_ENUM_CONVERSION = YES;
				CLANG_WARN_INFINITE_RECURSION = YES;
				CLANG_WARN_INT_CONVERSION = YES;
				CLANG_WARN_NON_LITERAL_NULL_CONVERSION = YES;
				CLANG_WARN_OBJC_IMPLICIT_RETAIN_SELF = YES;
				CLANG_WARN_OBJC_LITERAL_CONVERSION = YES;
				CLANG_WARN_OBJC_ROOT_CLASS = YES_ERROR;
				CLANG_WARN_QUOTED_INCLUDE_IN_FRAMEWORK_HEADER = YES;
				CLANG_WARN_RANGE_LOOP_ANALYSIS = YES;
				CLANG_WARN_STRICT_PROTOTYPES = YES;
				CLANG_WARN_SUSPICIOUS_MOVE = YES;
				CLANG_WARN_UNGUARDED_AVAILABILITY = YES_AGGRESSIVE;
				CLANG_WARN_UNREACHABLE_CODE = YES;
				CLANG_WARN__DUPLICATE_METHOD_MATCH = YES;
				CODE_SIGN_IDENTITY = "iPhone Developer";
				COPY_PHASE_STRIP = NO;
				DEBUG_INFORMATION_FORMAT = "dwarf-with-dsym";
				ENABLE_NS_ASSERTIONS = NO;
				ENABLE_STRICT_OBJC_MSGSEND = YES;
				GCC_C_LANGUAGE_STANDARD = gnu11;
				GCC_NO_COMMON_BLOCKS = YES;
				GCC_WARN_64_TO_32_BIT_CONVERSION = YES;
				GCC_WARN_ABOUT_RETURN_TYPE = YES_ERROR;
				GCC_WARN_UNDECLARED_SELECTOR = YES;
				GCC_WARN_UNINITIALIZED_AUTOS = YES_AGGRESSIVE;
				GCC_WARN_UNUSED_FUNCTION = YES;
				GCC_WARN_UNUSED_VARIABLE = YES;
				IPHONEOS_DEPLOYMENT_TARGET = 16.1;
				MTL_ENABLE_DEBUG_INFO = NO;
				OTHER_LDFLAGS = "";
				SDKROOT = iphoneos;
				SWIFT_COMPILATION_MODE = wholemodule;
				SWIFT_OPTIMIZATION_LEVEL = "-O";
				VALIDATE_PRODUCT = YES;
			};
			name = Release;
		};
		7191A01220A0272A004AC2AB /* Debug */ = {
			isa = XCBuildConfiguration;
			baseConfigurationReference = 78149C5CD99F727B972F6B59 /* Pods-Soundrops.debug.xcconfig */;
			buildSettings = {
				ALWAYS_EMBED_SWIFT_STANDARD_LIBRARIES = YES;
				ASSETCATALOG_COMPILER_APPICON_NAME = AppIcon;
				CLANG_USE_OPTIMIZATION_PROFILE = YES;
				CODE_SIGN_ENTITLEMENTS = Soundrops/Soundrops.entitlements;
				CODE_SIGN_IDENTITY = "iPhone Developer";
				CODE_SIGN_STYLE = Automatic;
				CURRENT_PROJECT_VERSION = 8;
				DEVELOPMENT_TEAM = QT5GLVAPV5;
				INFOPLIST_FILE = Soundrops/Info.plist;
				INFOPLIST_KEY_CFBundleDisplayName = Share50;
				IPHONEOS_DEPLOYMENT_TARGET = 16.1;
				LD_RUNPATH_SEARCH_PATHS = (
					"$(inherited)",
					"@executable_path/Frameworks",
				);
				MARKETING_VERSION = 8.1;
				PRODUCT_BUNDLE_IDENTIFIER = soundropsios;
				PRODUCT_NAME = "$(TARGET_NAME)";
				PROVISIONING_PROFILE = "";
				PROVISIONING_PROFILE_SPECIFIER = "";
				SWIFT_VERSION = 5.0;
				TARGETED_DEVICE_FAMILY = 1;
			};
			name = Debug;
		};
		7191A01320A0272A004AC2AB /* Release */ = {
			isa = XCBuildConfiguration;
			baseConfigurationReference = F75D63759871777F0CB3E246 /* Pods-Soundrops.release.xcconfig */;
			buildSettings = {
				ALWAYS_EMBED_SWIFT_STANDARD_LIBRARIES = YES;
				ASSETCATALOG_COMPILER_APPICON_NAME = AppIcon;
				CLANG_USE_OPTIMIZATION_PROFILE = YES;
				CODE_SIGN_ENTITLEMENTS = Soundrops/Soundrops.entitlements;
				CODE_SIGN_IDENTITY = "iPhone Developer";
				CODE_SIGN_STYLE = Automatic;
				CURRENT_PROJECT_VERSION = 8;
				DEVELOPMENT_TEAM = QT5GLVAPV5;
				"FRAMEWORK_SEARCH_PATHS[arch=*]" = (
					"$(inherited)",
					"\"${PODS_CONFIGURATION_BUILD_DIR}/Alamofire\"",
					"\"${PODS_CONFIGURATION_BUILD_DIR}/AlamofireImage\"",
					"\"${PODS_CONFIGURATION_BUILD_DIR}/Bolts\"",
					"\"${PODS_CONFIGURATION_BUILD_DIR}/FBSDKCoreKit\"",
					"\"${PODS_CONFIGURATION_BUILD_DIR}/FBSDKLoginKit\"",
					"\"${PODS_CONFIGURATION_BUILD_DIR}/FBSDKShareKit\"",
					"\"${PODS_CONFIGURATION_BUILD_DIR}/FirebaseAuth\"",
					"\"${PODS_CONFIGURATION_BUILD_DIR}/FirebaseCore\"",
					"\"${PODS_CONFIGURATION_BUILD_DIR}/GTMOAuth2\"",
					"\"${PODS_CONFIGURATION_BUILD_DIR}/GTMSessionFetcher\"",
					"\"${PODS_CONFIGURATION_BUILD_DIR}/GoogleToolboxForMac\"",
					"\"${PODS_CONFIGURATION_BUILD_DIR}/GoogleUtilities\"",
					"\"${PODS_CONFIGURATION_BUILD_DIR}/PushNotifications\"",
					"\"${PODS_CONFIGURATION_BUILD_DIR}/SwiftyJSON\"",
					"\"${PODS_CONFIGURATION_BUILD_DIR}/nanopb\"",
					"\"${PODS_ROOT}/FirebaseAnalytics/Frameworks\"",
					"\"${PODS_ROOT}/FirebaseInstanceID/Frameworks\"",
					"\"${PODS_ROOT}/GoogleAppMeasurement/Frameworks\"",
					"\"${PODS_ROOT}/GoogleMaps/Base/Frameworks\"",
					"\"${PODS_ROOT}/GoogleMaps/Maps/Frameworks\"",
					"\"${PODS_ROOT}/GooglePlacePicker/Frameworks\"",
					"\"${PODS_ROOT}/GooglePlaces/Frameworks\"",
					"\"${PODS_ROOT}/GoogleSignIn/Frameworks\"",
				);
				INFOPLIST_FILE = Soundrops/Info.plist;
				INFOPLIST_KEY_CFBundleDisplayName = Share50;
				IPHONEOS_DEPLOYMENT_TARGET = 16.1;
				LD_RUNPATH_SEARCH_PATHS = (
					"$(inherited)",
					"@executable_path/Frameworks",
				);
				MARKETING_VERSION = 8.1;
				PRODUCT_BUNDLE_IDENTIFIER = soundropsios;
				PRODUCT_NAME = "$(TARGET_NAME)";
				PROVISIONING_PROFILE = "";
				PROVISIONING_PROFILE_SPECIFIER = "";
				SWIFT_VERSION = 5.0;
				"SYSTEM_FRAMEWORK_SEARCH_PATHS[arch=*]" = /Users/janerikmeidell/Dropbox/Lexigo/Clients/Soundrops/Soundrops_iphone_app/google_signin_sdk_4_4_0;
				TARGETED_DEVICE_FAMILY = 1;
			};
			name = Release;
		};
		7191A01520A0272A004AC2AB /* Debug */ = {
			isa = XCBuildConfiguration;
			buildSettings = {
				ALWAYS_EMBED_SWIFT_STANDARD_LIBRARIES = YES;
				CODE_SIGN_IDENTITY = "iPhone Developer";
				CODE_SIGN_STYLE = Automatic;
				CURRENT_PROJECT_VERSION = 1;
				DEVELOPMENT_TEAM = QT5GLVAPV5;
				INFOPLIST_FILE = SoundropsTests/Info.plist;
				IPHONEOS_DEPLOYMENT_TARGET = 16.1;
				LD_RUNPATH_SEARCH_PATHS = (
					"$(inherited)",
					"@executable_path/Frameworks",
					"@loader_path/Frameworks",
				);
				PRODUCT_BUNDLE_IDENTIFIER = Lexigo.SoundropsTests;
				PRODUCT_NAME = "$(TARGET_NAME)";
				PROVISIONING_PROFILE_SPECIFIER = "";
				SWIFT_VERSION = 5.0;
				TARGETED_DEVICE_FAMILY = "1,2";
				TEST_HOST = "$(BUILT_PRODUCTS_DIR)/Soundrops.app/Soundrops";
			};
			name = Debug;
		};
		7191A01620A0272A004AC2AB /* Release */ = {
			isa = XCBuildConfiguration;
			buildSettings = {
				ALWAYS_EMBED_SWIFT_STANDARD_LIBRARIES = YES;
				CODE_SIGN_IDENTITY = "iPhone Developer";
				CODE_SIGN_STYLE = Automatic;
				CURRENT_PROJECT_VERSION = 1;
				DEVELOPMENT_TEAM = QT5GLVAPV5;
				INFOPLIST_FILE = SoundropsTests/Info.plist;
				IPHONEOS_DEPLOYMENT_TARGET = 16.1;
				LD_RUNPATH_SEARCH_PATHS = (
					"$(inherited)",
					"@executable_path/Frameworks",
					"@loader_path/Frameworks",
				);
				PRODUCT_BUNDLE_IDENTIFIER = Lexigo.SoundropsTests;
				PRODUCT_NAME = "$(TARGET_NAME)";
				PROVISIONING_PROFILE_SPECIFIER = "";
				SWIFT_VERSION = 5.0;
				TARGETED_DEVICE_FAMILY = "1,2";
				TEST_HOST = "$(BUILT_PRODUCTS_DIR)/Soundrops.app/Soundrops";
			};
			name = Release;
		};
/* End XCBuildConfiguration section */

/* Begin XCConfigurationList section */
		7175F39B20BECE5000322EC3 /* Build configuration list for PBXNativeTarget "PusherNotifications" */ = {
			isa = XCConfigurationList;
			buildConfigurations = (
				7175F39C20BECE5000322EC3 /* Debug */,
				7175F39D20BECE5000322EC3 /* Release */,
			);
			defaultConfigurationIsVisible = 0;
			defaultConfigurationName = Release;
		};
		717AE85422CB9F9800D4B43F /* Build configuration list for PBXNativeTarget "Notification Content App Extension" */ = {
			isa = XCConfigurationList;
			buildConfigurations = (
				717AE85522CB9F9800D4B43F /* Debug */,
				717AE85622CB9F9800D4B43F /* Release */,
			);
			defaultConfigurationIsVisible = 0;
			defaultConfigurationName = Release;
		};
		71919FE120A02729004AC2AB /* Build configuration list for PBXProject "Soundrops" */ = {
			isa = XCConfigurationList;
			buildConfigurations = (
				7191A00F20A0272A004AC2AB /* Debug */,
				7191A01020A0272A004AC2AB /* Release */,
			);
			defaultConfigurationIsVisible = 0;
			defaultConfigurationName = Release;
		};
		7191A01120A0272A004AC2AB /* Build configuration list for PBXNativeTarget "Soundrops" */ = {
			isa = XCConfigurationList;
			buildConfigurations = (
				7191A01220A0272A004AC2AB /* Debug */,
				7191A01320A0272A004AC2AB /* Release */,
			);
			defaultConfigurationIsVisible = 0;
			defaultConfigurationName = Release;
		};
		7191A01420A0272A004AC2AB /* Build configuration list for PBXNativeTarget "SoundropsTests" */ = {
			isa = XCConfigurationList;
			buildConfigurations = (
				7191A01520A0272A004AC2AB /* Debug */,
				7191A01620A0272A004AC2AB /* Release */,
			);
			defaultConfigurationIsVisible = 0;
			defaultConfigurationName = Release;
		};
/* End XCConfigurationList section */

/* Begin XCVersionGroup section */
		71F10673262E1C5B00524D92 /* Soundrops.xcdatamodeld */ = {
			isa = XCVersionGroup;
			children = (
				71F10674262E1C5B00524D92 /* Soundrops.xcdatamodel */,
			);
			currentVersion = 71F10674262E1C5B00524D92 /* Soundrops.xcdatamodel */;
			path = Soundrops.xcdatamodeld;
			sourceTree = "<group>";
			versionGroupType = wrapper.xcdatamodel;
		};
/* End XCVersionGroup section */
	};
	rootObject = 71919FDE20A02729004AC2AB /* Project object */;
}
